
Microsoft Visual Studio Solution File, Format Version 12.00
# Visual Studio 15
VisualStudioVersion = 15.0.28307.168
MinimumVisualStudioVersion = 10.0.40219.1
Project("{FAE04EC0-301F-11D3-BF4B-00C04F79EFBC}") = "WindowsFormsApp1", "WindowsFormsApp1\WindowsFormsApp1.csproj", "{FDBC8712-20A9-4E27-A521-207A3A271711}"
EndProject
Global
	GlobalSection(SolutionConfigurationPlatforms) = preSolution
		Debug|Any CPU = Debug|Any CPU
		Release|Any CPU = Release|Any CPU
	EndGlobalSection
	GlobalSection(ProjectConfigurationPlatforms) = postSolution
		{FDBC8712-20A9-4E27-A521-207A3A271711}.Debug|Any CPU.ActiveCfg = Debug|Any CPU
		{FDBC8712-20A9-4E27-A521-207A3A271711}.Debug|Any CPU.Build.0 = Debug|Any CPU
		{FDBC8712-20A9-4E27-A521-207A3A271711}.Release|Any CPU.ActiveCfg = Release|Any CPU
		{FDBC8712-20A9-4E27-A521-207A3A271711}.Release|Any CPU.Build.0 = Release|Any CPU
	EndGlobalSection
	GlobalSection(SolutionProperties) = preSolution
		HideSolutionNode = FALSE
	EndGlobalSection
	GlobalSection(ExtensibilityGlobals) = postSolution
		SolutionGuid = {6C9A6039-3793-43BD-B292-1943503B4275}
	EndGlobalSection
EndGlobal
